#MicroXplorer Configuration settings - do not modify
ADC2.Channel-0\#ChannelRegularConversion=ADC_CHANNEL_6
ADC2.IPParameters=Rank-0\#ChannelRegularConversion,Channel-0\#ChannelRegularConversion,SamplingTime-0\#ChannelRegularConversion,OffsetNumber-0\#ChannelRegularConversion,MonitoredBy-0\#ChannelRegularConversion,NbrOfConversionFlag
ADC2.MonitoredBy-0\#ChannelRegularConversion=__NULL
ADC2.NbrOfConversionFlag=1
ADC2.OffsetNumber-0\#ChannelRegularConversion=ADC_OFFSET_NONE
ADC2.Rank-0\#ChannelRegularConversion=1
ADC2.SamplingTime-0\#ChannelRegularConversion=ADC_SAMPLETIME_5CYCLE
CAD.formats=
CAD.pinconfig=
CAD.provider=
CORTEX_M33_NS.userName=CORTEX_M33
File.Version=6
GPIO.groupedBy=
I2C1.IPParameters=Timing
I2C1.Timing=0x10707DBC
I2C3.IPParameters=Timing
I2C3.Timing=0x10707DBC
I2C4.IPParameters=Timing
I2C4.Timing=0x10707DBC
I2C5.IPParameters=Timing
I2C5.Timing=0x10707DBC
KeepUserPlacement=true
MMTAppRegionsCount=0
MMTConfigApplied=false
Mcu.CPN=STM32U5G7VJT6Q
Mcu.ContextProject=TrustZoneDisabled
Mcu.Family=STM32U5
Mcu.IP0=ADC2
Mcu.IP1=CORTEX_M33_NS
Mcu.IP10=MEMORYMAP
Mcu.IP11=NVIC
Mcu.IP12=OPAMP2
Mcu.IP13=PWR
Mcu.IP14=RCC
Mcu.IP15=RTC
Mcu.IP16=SDMMC1
Mcu.IP17=SPI1
Mcu.IP18=SPI2
Mcu.IP19=SYS
Mcu.IP2=DEBUG
Mcu.IP20=TIM4
Mcu.IP21=TIM8
Mcu.IP22=TIM17
Mcu.IP23=USART2
Mcu.IP24=USART3
Mcu.IP25=USB_OTG_HS
Mcu.IP26=VREFBUF
Mcu.IP3=I2C1
Mcu.IP4=I2C3
Mcu.IP5=I2C4
Mcu.IP6=I2C5
Mcu.IP7=LPBAM
Mcu.IP8=LPBAMQUEUE
Mcu.IP9=MDF1
Mcu.IPNb=27
Mcu.Name=STM32U5G7VJTxQ
Mcu.Package=LQFP100
Mcu.Pin0=PE2
Mcu.Pin1=PE3
Mcu.Pin10=PC0
Mcu.Pin11=PC1
Mcu.Pin12=PC2
Mcu.Pin13=PC3
Mcu.Pin14=VREF+
Mcu.Pin15=PA0
Mcu.Pin16=PA1
Mcu.Pin17=PA2
Mcu.Pin18=PA3
Mcu.Pin19=PA4
Mcu.Pin2=PE4
Mcu.Pin20=PA5
Mcu.Pin21=PA6
Mcu.Pin22=PA7
Mcu.Pin23=PB0
Mcu.Pin24=PB1
Mcu.Pin25=PB2
Mcu.Pin26=PE7
Mcu.Pin27=PE8
Mcu.Pin28=PE10
Mcu.Pin29=PE11
Mcu.Pin3=PE5
Mcu.Pin30=PE12
Mcu.Pin31=PE13
Mcu.Pin32=PE14
Mcu.Pin33=PE15
Mcu.Pin34=PB10
Mcu.Pin35=PB11
Mcu.Pin36=PB13
Mcu.Pin37=PB14
Mcu.Pin38=PD8
Mcu.Pin39=PD12
Mcu.Pin4=PE6
Mcu.Pin40=PD13
Mcu.Pin41=PD14
Mcu.Pin42=PD15
Mcu.Pin43=PC6
Mcu.Pin44=PC7
Mcu.Pin45=PC8
Mcu.Pin46=PC9
Mcu.Pin47=PA8
Mcu.Pin48=PA9
Mcu.Pin49=PA11
Mcu.Pin5=PC13
Mcu.Pin50=PA12
Mcu.Pin51=PA13 (JTMS/SWDIO)
Mcu.Pin52=PA14 (JTCK/SWCLK)
Mcu.Pin53=PC10
Mcu.Pin54=PC11
Mcu.Pin55=PC12
Mcu.Pin56=PD0
Mcu.Pin57=PD1
Mcu.Pin58=PD2
Mcu.Pin59=PD3
Mcu.Pin6=PC14-OSC32_IN (PC14)
Mcu.Pin60=PD4
Mcu.Pin61=PD6
Mcu.Pin62=PB3 (JTDO/TRACESWO)
Mcu.Pin63=PB4 (NJTRST)
Mcu.Pin64=PB5
Mcu.Pin65=PB6
Mcu.Pin66=PB7
Mcu.Pin67=PH3-BOOT0
Mcu.Pin68=PB8
Mcu.Pin69=PB9
Mcu.Pin7=PC15-OSC32_OUT (PC15)
Mcu.Pin70=PE0
Mcu.Pin71=VP_LPBAMQUEUE_VS_QUEUE
Mcu.Pin72=VP_MDF1_VS_MDF_DFLT0
Mcu.Pin73=VP_MDF1_VS_MDF_DFLT1
Mcu.Pin74=VP_MDF1_VS_MDF_DFLT2
Mcu.Pin75=VP_MDF1_VS_MDF_DFLT3
Mcu.Pin76=VP_PWR_VS_SECSignals
Mcu.Pin77=VP_PWR_VS_LPOM
Mcu.Pin78=VP_PWR_Vdda
Mcu.Pin79=VP_RTC_VS_RTC_Activate
Mcu.Pin8=PH0-OSC_IN (PH0)
Mcu.Pin80=VP_SYS_VS_Systick
Mcu.Pin81=VP_TIM17_VS_ClockSourceINT
Mcu.Pin82=VP_TIM17_VS_NoInput1
Mcu.Pin83=VP_LPBAM_VS_SIG1
Mcu.Pin84=VP_LPBAM_VS_SIG4
Mcu.Pin85=VP_MEMORYMAP_VS_MEMORYMAP
Mcu.Pin9=PH1-OSC_OUT (PH1)
Mcu.PinsNb=86
Mcu.ThirdPartyNb=0
Mcu.UserConstants=
Mcu.UserName=STM32U5G7VJTxQ
MxCube.Version=6.12.0
MxDb.Version=DB.6.0.120
NVIC.BusFault_IRQn=true\:0\:0\:false\:false\:true\:false\:false\:false
NVIC.DebugMonitor_IRQn=true\:0\:0\:false\:false\:true\:false\:false\:false
NVIC.ForceEnableDMAVector=true
NVIC.HardFault_IRQn=true\:0\:0\:false\:false\:true\:false\:false\:false
NVIC.MemoryManagement_IRQn=true\:0\:0\:false\:false\:true\:false\:false\:false
NVIC.NonMaskableInt_IRQn=true\:0\:0\:false\:false\:true\:false\:false\:false
NVIC.PendSV_IRQn=true\:0\:0\:false\:false\:true\:false\:false\:false
NVIC.PriorityGroup=NVIC_PRIORITYGROUP_4
NVIC.SVCall_IRQn=true\:0\:0\:false\:false\:true\:false\:false\:false
NVIC.SysTick_IRQn=true\:15\:0\:false\:false\:true\:false\:true\:false
NVIC.UsageFault_IRQn=true\:0\:0\:false\:false\:true\:false\:false\:false
PA0.Mode=IN5-Single-Ended
PA0.Signal=ADC2_IN5
PA1.Mode=IN6-Single-Ended
PA1.Signal=ADC2_IN6
PA11.GPIOParameters=GPIO_Label
PA11.GPIO_Label=USB_DM
PA11.Mode=Internal_Phy_Device
PA11.Signal=USB_OTG_HS_DM
PA12.GPIOParameters=GPIO_Label
PA12.GPIO_Label=USB_DP
PA12.Mode=Internal_Phy_Device
PA12.Signal=USB_OTG_HS_DP
PA13\ (JTMS/SWDIO).GPIOParameters=GPIO_Label
PA13\ (JTMS/SWDIO).GPIO_Label=TRACE_SWDIO
PA13\ (JTMS/SWDIO).Mode=Trace_Asynchronous_SW
PA13\ (JTMS/SWDIO).Signal=DEBUG_JTMS-SWDIO
PA14\ (JTCK/SWCLK).GPIOParameters=GPIO_Label
PA14\ (JTCK/SWCLK).GPIO_Label=TRACE_SWCLK
PA14\ (JTCK/SWCLK).Mode=Trace_Asynchronous_SW
PA14\ (JTCK/SWCLK).Signal=DEBUG_JTCK-SWCLK
PA2.GPIOParameters=GPIO_Label
PA2.GPIO_Label=GPS_RX_STM_TX
PA2.Locked=true
PA2.Mode=Asynchronous
PA2.Signal=USART2_TX
PA3.GPIOParameters=GPIO_Label
PA3.GPIO_Label=GPS_TX_STM_RX
PA3.Locked=true
PA3.Mode=Asynchronous
PA3.Signal=USART2_RX
PA4.GPIOParameters=GPIO_Label
PA4.GPIO_Label=MBUS_AN
PA4.Mode=IN9-Single-Ended
PA4.Signal=ADC2_IN9
PA5.GPIOParameters=GPIO_Label
PA5.GPIO_Label=BUZ
PA5.Locked=true
PA5.Signal=SharedStack_PA5
PA5.Stacked=true
PA6.GPIOParameters=GPIO_Label
PA6.GPIO_Label=EXT_OPA_VINP
PA6.Mode=Standalone
PA6.Signal=OPAMP2_VINP
PA7.GPIOParameters=GPIO_Label
PA7.GPIO_Label=EXT_OPA_VINM
PA7.Mode=Standalone
PA7.Signal=OPAMP2_VINM
PA8.Mode=Clock-out
PA8.Signal=RCC_MCO
PA9.GPIOParameters=GPIO_Label
PA9.GPIO_Label=USB_VBUS
PA9.Mode=Activate_VBUS_FS
PA9.Signal=USB_OTG_HS_VBUS
PB0.GPIOParameters=GPIO_Label
PB0.GPIO_Label=EXT_OPA_VOUT
PB0.Mode=Standalone
PB0.Signal=OPAMP2_VOUT
PB1.Mode=IN16-Single-Ended
PB1.Signal=ADC2_IN16
PB10.GPIOParameters=GPIO_Label
PB10.GPIO_Label=EXT_I2C_SCL
PB10.Locked=true
PB10.Mode=I2C
PB10.Signal=I2C4_SCL
PB11.GPIOParameters=GPIO_Label
PB11.GPIO_Label=MBUS_RX_STM_RX
PB11.Mode=Asynchronous
PB11.Signal=USART3_RX
PB13.GPIOParameters=GPIO_Label
PB13.GPIO_Label=MBUS_SCK
PB13.Mode=Full_Duplex_Master
PB13.Signal=SPI2_SCK
PB14.GPIOParameters=GPIO_Label
PB14.GPIO_Label=MBUS_MISO
PB14.Mode=Full_Duplex_Master
PB14.Signal=SPI2_MISO
PB2.GPIOParameters=GPIO_Label
PB2.GPIO_Label=MBUS_PWM
PB2.Locked=true
PB2.Mode=PWM Generation4 CH4N
PB2.Signal=TIM8_CH4N
PB3\ (JTDO/TRACESWO).GPIOParameters=GPIO_Label
PB3\ (JTDO/TRACESWO).GPIO_Label=TRACE_SWO
PB3\ (JTDO/TRACESWO).Mode=Trace_Asynchronous_SW
PB3\ (JTDO/TRACESWO).Signal=DEBUG_JTDO-SWO
PB4\ (NJTRST).GPIOParameters=GPIO_Label
PB4\ (NJTRST).GPIO_Label=EXT_3
PB4\ (NJTRST).Locked=true
PB4\ (NJTRST).Signal=GPIO_Output
PB5.GPIOParameters=GPIO_Label
PB5.GPIO_Label=SYS_MAIN_RED
PB5.Locked=true
PB5.Signal=GPIO_Output
PB6.GPIOParameters=GPIO_Label
PB6.GPIO_Label=QWIIC_SCL
PB6.Locked=true
PB6.Mode=I2C
PB6.Signal=I2C1_SCL
PB7.GPIOParameters=GPIO_Label
PB7.GPIO_Label=QWIIC_SDA
PB7.Locked=true
PB7.Mode=I2C
PB7.Signal=I2C1_SDA
PB8.GPIOParameters=GPIO_Label
PB8.GPIO_Label=MIC_CCLK0
PB8.Locked=true
PB8.Mode=MOD_MDF_CCK0
PB8.Signal=MDF1_CCK0
PB9.GPIOParameters=GPIO_Label
PB9.GPIO_Label=GPS_PPS
PB9.Locked=true
PB9.Signal=S_TIM4_CH4
PB9.Stacked=true
PC0.GPIOParameters=GPIO_Label
PC0.GPIO_Label=MBUS_SCL
PC0.Locked=true
PC0.Mode=I2C
PC0.Signal=I2C3_SCL
PC1.GPIOParameters=GPIO_Label
PC1.GPIO_Label=MBUS_SDA
PC1.Locked=true
PC1.Mode=I2C
PC1.Signal=I2C3_SDA
PC10.GPIOParameters=GPIO_Label
PC10.GPIO_Label=SDIO_D2
PC10.Mode=SD_4_bits_Wide_bus
PC10.Signal=SDMMC1_D2
PC11.GPIOParameters=GPIO_Label
PC11.GPIO_Label=SDIO_D3
PC11.Mode=SD_4_bits_Wide_bus
PC11.Signal=SDMMC1_D3
PC12.GPIOParameters=GPIO_Label
PC12.GPIO_Label=SDIO_CLK
PC12.Mode=SD_4_bits_Wide_bus
PC12.Signal=SDMMC1_CK
PC13.GPIOParameters=GPIO_Label
PC13.GPIO_Label=GPS_RST
PC13.Locked=true
PC13.Signal=GPIO_Output
PC14-OSC32_IN\ (PC14).GPIOParameters=GPIO_Label
PC14-OSC32_IN\ (PC14).GPIO_Label=OSC_32K_IN
PC14-OSC32_IN\ (PC14).Mode=LSE-External-Oscillator
PC14-OSC32_IN\ (PC14).Signal=RCC_OSC32_IN
PC15-OSC32_OUT\ (PC15).GPIOParameters=GPIO_Label
PC15-OSC32_OUT\ (PC15).GPIO_Label=OSC_32K_OUT
PC15-OSC32_OUT\ (PC15).Mode=LSE-External-Oscillator
PC15-OSC32_OUT\ (PC15).Signal=RCC_OSC32_OUT
PC2.GPIOParameters=GPIO_Label
PC2.GPIO_Label=MIC_CCLK1
PC2.Locked=true
PC2.Mode=MOD_MDF_CCK1
PC2.Signal=MDF1_CCK1
PC3.GPIOParameters=GPIO_Label
PC3.GPIO_Label=MBUS_MOSI
PC3.Mode=Full_Duplex_Master
PC3.Signal=SPI2_MOSI
PC6.GPIOParameters=GPIO_Label
PC6.GPIO_Label=SYS_RF_GREEN
PC6.Locked=true
PC6.Signal=GPIO_Output
PC7.GPIOParameters=GPIO_Label
PC7.GPIO_Label=SYS_RF_RED
PC7.Locked=true
PC7.Signal=GPIO_Output
PC8.GPIOParameters=GPIO_Label
PC8.GPIO_Label=SDIO_D0
PC8.Mode=SD_4_bits_Wide_bus
PC8.Signal=SDMMC1_D0
PC9.GPIOParameters=GPIO_Label
PC9.GPIO_Label=SDIO_D1
PC9.Mode=SD_4_bits_Wide_bus
PC9.Signal=SDMMC1_D1
PD0.GPIOParameters=GPIO_Label
PD0.GPIO_Label=SENS_I2C_SDA
PD0.Mode=I2C
PD0.Signal=I2C5_SDA
PD1.GPIOParameters=GPIO_Label
PD1.GPIO_Label=SENS_I2C_SCL
PD1.Mode=I2C
PD1.Signal=I2C5_SCL
PD12.Locked=true
PD12.Signal=ADC4_IN16
PD13.GPIOParameters=GPIO_Label
PD13.GPIO_Label=EXT_I2C_SDA
PD13.Locked=true
PD13.Mode=I2C
PD13.Signal=I2C4_SDA
PD14.GPIOParameters=GPIO_Label
PD14.GPIO_Label=SYS_GPS_GREEN
PD14.Locked=true
PD14.Signal=GPIO_Output
PD15.GPIOParameters=GPIO_Label
PD15.GPIO_Label=SYS_GPS_RED
PD15.Locked=true
PD15.Signal=GPIO_Output
PD2.GPIOParameters=GPIO_Label
PD2.GPIO_Label=SDIO_CMD
PD2.Mode=SD_4_bits_Wide_bus
PD2.Signal=SDMMC1_CMD
PD3.GPIOParameters=GPIO_Label
PD3.GPIO_Label=MIC_SD0
PD3.Locked=true
PD3.Mode=MOD_MDF_SITF0_CCK0
PD3.Signal=MDF1_SDI0
PD4.GPIOParameters=GPIO_Label
PD4.GPIO_Label=SD_SW
PD4.Locked=true
PD4.Signal=GPIO_Output
PD6.GPIOParameters=GPIO_Label
PD6.GPIO_Label=MIC_SD1
PD6.Mode=MOD_MDF_SITF1_CCK1
PD6.Signal=MDF1_SDI1
PD8.GPIOParameters=GPIO_Label
PD8.GPIO_Label=MBUS_TX_STM_TX
PD8.Locked=true
PD8.Mode=Asynchronous
PD8.Signal=USART3_TX
PE0.GPIOParameters=GPIO_Label
PE0.GPIO_Label=SD_PWR
PE0.Locked=true
PE0.Signal=GPIO_Output
PE10.GPIOParameters=GPIO_Label
PE10.GPIO_Label=RF_BUSY
PE10.Locked=true
PE10.Signal=GPIO_Input
PE11.GPIOParameters=GPIO_Label
PE11.GPIO_Label=RF_NRST
PE11.Locked=true
PE11.Signal=GPIO_Output
PE12.GPIOParameters=GPIO_Label
PE12.GPIO_Label=RF_IRQ
PE12.Locked=true
PE12.Signal=GPXTI12
PE13.GPIOParameters=GPIO_Label
PE13.GPIO_Label=RF_SCK
PE13.Mode=Full_Duplex_Master
PE13.Signal=SPI1_SCK
PE14.GPIOParameters=GPIO_Label
PE14.GPIO_Label=RF_MISO
PE14.Mode=Full_Duplex_Master
PE14.Signal=SPI1_MISO
PE15.GPIOParameters=GPIO_Label
PE15.GPIO_Label=RF_MOSI
PE15.Mode=Full_Duplex_Master
PE15.Signal=SPI1_MOSI
PE2.GPIOParameters=GPIO_Label
PE2.GPIO_Label=SW_USER
PE2.Locked=true
PE2.Signal=GPIO_Output
PE3.GPIOParameters=GPIO_Label
PE3.GPIO_Label=GPS_EN
PE3.Locked=true
PE3.Signal=GPIO_Output
PE4.GPIOParameters=GPIO_Label
PE4.GPIO_Label=MIC_SD3
PE4.Mode=MOD_MDF_SITF3_CCK1
PE4.Signal=MDF1_SDI3
PE5.GPIOParameters=GPIO_Label
PE5.GPIO_Label=MBUS_CS
PE5.Locked=true
PE5.Signal=GPIO_Output
PE6.GPIOParameters=GPIO_Label
PE6.GPIO_Label=MBUS_RST
PE6.Locked=true
PE6.Signal=GPIO_Output
PE7.GPIOParameters=GPIO_Label
PE7.GPIO_Label=MIC_SD2
PE7.Mode=MOD_MDF_SITF2_CCK1
PE7.Signal=MDF1_SDI2
PE8.GPIOParameters=GPIO_Label
PE8.GPIO_Label=RF_CS
PE8.Locked=true
PE8.Signal=GPIO_Output
PH0-OSC_IN\ (PH0).GPIOParameters=GPIO_Label
PH0-OSC_IN\ (PH0).GPIO_Label=HSE_OSC_IN
PH0-OSC_IN\ (PH0).Mode=HSE-External-Oscillator
PH0-OSC_IN\ (PH0).Signal=RCC_OSC_IN
PH1-OSC_OUT\ (PH1).GPIOParameters=GPIO_Label
PH1-OSC_OUT\ (PH1).GPIO_Label=HE_OSC_OUT
PH1-OSC_OUT\ (PH1).Mode=HSE-External-Oscillator
PH1-OSC_OUT\ (PH1).Signal=RCC_OSC_OUT
PH3-BOOT0.GPIOParameters=GPIO_Label
PH3-BOOT0.GPIO_Label=BOOT0
PH3-BOOT0.Locked=true
PH3-BOOT0.Signal=GPIO_Input
PWR.IPParameters=PowerMode
PWR.PowerMode=PWR_SMPS_SUPPLY
PinOutPanel.RotationAngle=0
ProjectManager.AskForMigrate=true
ProjectManager.BackupPrevious=false
ProjectManager.CompilerOptimize=6
ProjectManager.ComputerToolchain=false
ProjectManager.CoupleFile=false
ProjectManager.CustomerFirmwarePackage=
ProjectManager.DefaultFWLocation=true
ProjectManager.DeletePrevious=true
ProjectManager.DeviceId=STM32U5G7VJTxQ
ProjectManager.FirmwarePackage=STM32Cube FW_U5 V1.6.0
ProjectManager.FreePins=false
ProjectManager.HalAssertFull=false
ProjectManager.HeapSize=0x200
ProjectManager.KeepUserCode=true
ProjectManager.LPBAM.generateCode=
ProjectManager.LastFirmware=true
ProjectManager.LibraryCopy=0
ProjectManager.MainLocation=Core/Src
ProjectManager.NoMain=false
ProjectManager.PreviousToolchain=
ProjectManager.ProjectBuild=false
ProjectManager.ProjectFileName=CubeMx_U5G7VJTxQ.ioc
ProjectManager.ProjectName=CubeMx_U5G7VJTxQ
ProjectManager.ProjectStructure=
ProjectManager.RegisterCallBack=
ProjectManager.StackSize=0x400
ProjectManager.TargetToolchain=EWARM V8.50
ProjectManager.ToolChainLocation=
ProjectManager.UAScriptAfterPath=
ProjectManager.UAScriptBeforePath=
ProjectManager.UnderRoot=false
ProjectManager.functionlistsort=1-SystemClock_Config-RCC-false-HAL-false,2-MX_GPIO_Init-GPIO-false-HAL-true,3-MX_ADC1_Init-ADC1-false-HAL-true,4-MX_I2C3_Init-I2C3-false-HAL-true,5-MX_I2C4_Init-I2C4-false-HAL-true,6-MX_I2C5_Init-I2C5-false-HAL-true,7-MX_MDF1_Init-MDF1-false-HAL-true,8-MX_OPAMP2_Init-OPAMP2-false-HAL-true,9-MX_RTC_Init-RTC-false-HAL-true,10-MX_SDMMC1_SD_Init-SDMMC1-false-HAL-true,11-MX_SPI1_Init-SPI1-false-HAL-true,12-MX_SPI2_Init-SPI2-false-HAL-true,13-MX_USART2_UART_Init-USART2-false-HAL-true,14-MX_USART3_UART_Init-USART3-false-HAL-true,15-MX_USB_OTG_HS_PCD_Init-USB_OTG_HS-false-HAL-true,16-MX_I2C1_Init-I2C1-false-HAL-true,17-MX_TIM8_Init-TIM8-false-HAL-true,0-MX_CORTEX_M33_NS_Init-CORTEX_M33_NS-false-HAL-true,0-MX_PWR_Init-PWR-false-HAL-true,0-MX_VREFBUF_Init-VREFBUF-false-HAL-true
RCC.ADCFreq_Value=16000000
RCC.ADF1Freq_Value=64000000
RCC.AHBFreq_Value=64000000
RCC.APB1Freq_Value=64000000
RCC.APB1TimFreq_Value=64000000
RCC.APB2Freq_Value=64000000
RCC.APB2TimFreq_Value=64000000
RCC.APB3Freq_Value=64000000
RCC.CK48Freq_Value=48000000
RCC.CRSFreq_Value=48000000
RCC.CortexFreq_Value=64000000
RCC.DACFreq_Value=32000
RCC.EPOD_VALUE=16000000
RCC.FCLKCortexFreq_Value=64000000
RCC.FDCANFreq_Value=64000000
RCC.FamilyName=M
RCC.HCLKFreq_Value=64000000
RCC.HSE_VALUE=16000000
RCC.HSI48_VALUE=48000000
RCC.HSI_VALUE=16000000
RCC.I2C1Freq_Value=64000000
RCC.I2C2Freq_Value=64000000
RCC.I2C3Freq_Value=64000000
RCC.I2C4Freq_Value=64000000
RCC.I2C5Freq_Value=64000000
RCC.I2C6Freq_Value=64000000
RCC.IPParameters=ADCFreq_Value,ADF1Freq_Value,AHBFreq_Value,APB1Freq_Value,APB1TimFreq_Value,APB2Freq_Value,APB2TimFreq_Value,APB3Freq_Value,CK48Freq_Value,CRSFreq_Value,CortexFreq_Value,DACFreq_Value,EPOD_VALUE,FCLKCortexFreq_Value,FDCANFreq_Value,FamilyName,HCLKFreq_Value,HSE_VALUE,HSI48_VALUE,HSI_VALUE,I2C1Freq_Value,I2C2Freq_Value,I2C3Freq_Value,I2C4Freq_Value,I2C5Freq_Value,I2C6Freq_Value,LPTIM2Freq_Value,LPUART1Freq_Value,LSCOPinFreq_Value,LSIDIV_VALUE,LSI_VALUE,LTDCFreq_Value,MCO1PinFreq_Value,MDF1Freq_Value,MSI_VALUE,MdfClockSelection,OCTOSPIMFreq_Value,PLL1P,PLL2PoutputFreq_Value,PLL2QoutputFreq_Value,PLL2RoutputFreq_Value,PLL3N,PLL3PoutputFreq_Value,PLL3Q,PLL3QoutputFreq_Value,PLL3RoutputFreq_Value,PLLFRACN,PLLN,PLLPoutputFreq_Value,PLLQoutputFreq_Value,PLLRCLKFreq_Value,RNGFreq_Value,SAESFreq_Value,SAI1Freq_Value,SAI2Freq_Value,SDMMCFreq_Value,SPI1Freq_Value,SPI2Freq_Value,SPI3Freq_Value,SYSCLKFreq_VALUE,SYSCLKSource,UART4Freq_Value,UART5Freq_Value,USART1Freq_Value,USART2Freq_Value,USART3Freq_Value,USART6Freq_Value,USBPHYCLockSelection,USBPHYFreq_Value,VCOInput2Freq_Value,VCOInput3Freq_Value,VCOInputFreq_Value,VCOOutputFreq_Value,VCOPLL2OutputFreq_Value,VCOPLL3OutputFreq_Value
RCC.LPTIM2Freq_Value=64000000
RCC.LPUART1Freq_Value=64000000
RCC.LSCOPinFreq_Value=32000
RCC.LSIDIV_VALUE=32000
RCC.LSI_VALUE=32000
RCC.LTDCFreq_Value=258000000
RCC.MCO1PinFreq_Value=64000000
RCC.MDF1Freq_Value=2031746.0317460317
RCC.MSI_VALUE=4000000
RCC.MdfClockSelection=RCC_MDF1CLKSOURCE_PLL3
RCC.OCTOSPIMFreq_Value=64000000
RCC.PLL1P=1
RCC.PLL2PoutputFreq_Value=258000000
RCC.PLL2QoutputFreq_Value=258000000
RCC.PLL2RoutputFreq_Value=258000000
RCC.PLL3N=64
RCC.PLL3PoutputFreq_Value=128000000
RCC.PLL3Q=126
RCC.PLL3QoutputFreq_Value=2031746.0317460317
RCC.PLL3RoutputFreq_Value=128000000
RCC.PLLFRACN=0
RCC.PLLN=8
RCC.PLLPoutputFreq_Value=128000000
RCC.PLLQoutputFreq_Value=64000000
RCC.PLLRCLKFreq_Value=64000000
RCC.RNGFreq_Value=48000000
RCC.SAESFreq_Value=48000000
RCC.SAI1Freq_Value=258000000
RCC.SAI2Freq_Value=258000000
RCC.SDMMCFreq_Value=128000000
RCC.SPI1Freq_Value=64000000
RCC.SPI2Freq_Value=64000000
RCC.SPI3Freq_Value=64000000
RCC.SYSCLKFreq_VALUE=64000000
RCC.SYSCLKSource=RCC_SYSCLKSOURCE_PLLCLK
RCC.UART4Freq_Value=64000000
RCC.UART5Freq_Value=64000000
RCC.USART1Freq_Value=64000000
RCC.USART2Freq_Value=64000000
RCC.USART3Freq_Value=64000000
RCC.USART6Freq_Value=64000000
RCC.USBPHYCLockSelection=RCC_USBPHYCLKSOURCE_HSE
RCC.USBPHYFreq_Value=16000000
RCC.VCOInput2Freq_Value=4000000
RCC.VCOInput3Freq_Value=4000000
RCC.VCOInputFreq_Value=16000000
RCC.VCOOutputFreq_Value=128000000
RCC.VCOPLL2OutputFreq_Value=516000000
RCC.VCOPLL3OutputFreq_Value=256000000
SH.GPXTI12.0=GPIO_EXTI12
SH.GPXTI12.ConfNb=1
SH.S_TIM4_CH4.0=TIM4_CH4,Input_Capture4_from_TI4
SH.S_TIM4_CH4.ConfNb=1
SH.SharedStack_PA5.0=DAC1_OUT2
SH.SharedStack_PA5.1=TIM8_CH1N,Output Compare1 CH1N
SH.SharedStack_PA5.ConfNb=2
SPI1.CalculateBaudRate=32.0 MBits/s
SPI1.Direction=SPI_DIRECTION_2LINES
SPI1.IPParameters=VirtualType,Mode,Direction,CalculateBaudRate
SPI1.Mode=SPI_MODE_MASTER
SPI1.VirtualType=VM_MASTER
SPI2.CalculateBaudRate=32.0 MBits/s
SPI2.Direction=SPI_DIRECTION_2LINES
SPI2.IPParameters=VirtualType,Mode,Direction,CalculateBaudRate
SPI2.Mode=SPI_MODE_MASTER
SPI2.VirtualType=VM_MASTER
TIM17.Channel=TIM_CHANNEL_1
TIM17.IPParameters=Channel
TIM4.Channel-Input_Capture4_from_TI4=TIM_CHANNEL_4
TIM4.IPParameters=Channel-Input_Capture4_from_TI4
TIM8.Channel-Output\ Compare1\ CH1N=TIM_CHANNEL_1
TIM8.Channel-PWM\ Generation4\ CH4N=TIM_CHANNEL_4
TIM8.IPParameters=Channel-Output Compare1 CH1N,Channel-PWM Generation4 CH4N
USART2.IPParameters=VirtualMode-Asynchronous
USART2.VirtualMode-Asynchronous=VM_ASYNC
USART3.IPParameters=VirtualMode-Asynchronous
USART3.VirtualMode-Asynchronous=VM_ASYNC
USB_OTG_HS.IPParameters=VirtualMode
USB_OTG_HS.VirtualMode=Device_HS
VP_LPBAMQUEUE_VS_QUEUE.Mode=QUEUEMODE
VP_LPBAMQUEUE_VS_QUEUE.Signal=LPBAMQUEUE_VS_QUEUE
VP_LPBAM_VS_SIG1.Mode=SmartRun
VP_LPBAM_VS_SIG1.Signal=LPBAM_VS_SIG1
VP_LPBAM_VS_SIG4.Mode=LPDMA1
VP_LPBAM_VS_SIG4.Signal=LPBAM_VS_SIG4
VP_MDF1_VS_MDF_DFLT0.Mode=MOD_MDF_DFLT0
VP_MDF1_VS_MDF_DFLT0.Signal=MDF1_VS_MDF_DFLT0
VP_MDF1_VS_MDF_DFLT1.Mode=MOD_MDF_DFLT1
VP_MDF1_VS_MDF_DFLT1.Signal=MDF1_VS_MDF_DFLT1
VP_MDF1_VS_MDF_DFLT2.Mode=MOD_MDF_DFLT2
VP_MDF1_VS_MDF_DFLT2.Signal=MDF1_VS_MDF_DFLT2
VP_MDF1_VS_MDF_DFLT3.Mode=MOD_MDF_DFLT3
VP_MDF1_VS_MDF_DFLT3.Signal=MDF1_VS_MDF_DFLT3
VP_MEMORYMAP_VS_MEMORYMAP.Mode=CurAppReg
VP_MEMORYMAP_VS_MEMORYMAP.Signal=MEMORYMAP_VS_MEMORYMAP
VP_PWR_VS_LPOM.Mode=PowerOptimisation
VP_PWR_VS_LPOM.Signal=PWR_VS_LPOM
VP_PWR_VS_SECSignals.Mode=Security/Privilege
VP_PWR_VS_SECSignals.Signal=PWR_VS_SECSignals
VP_PWR_Vdda.Mode=isolationVdda
VP_PWR_Vdda.Signal=PWR_Vdda
VP_RTC_VS_RTC_Activate.Mode=RTC_Enabled
VP_RTC_VS_RTC_Activate.Signal=RTC_VS_RTC_Activate
VP_SYS_VS_Systick.Mode=SysTick
VP_SYS_VS_Systick.Signal=SYS_VS_Systick
VP_TIM17_VS_ClockSourceINT.Mode=Enable_Timer
VP_TIM17_VS_ClockSourceINT.Signal=TIM17_VS_ClockSourceINT
VP_TIM17_VS_NoInput1.Mode=Input_Capture1_from_TI1_REMAP_TIM17
VP_TIM17_VS_NoInput1.Signal=TIM17_VS_NoInput1
VREF+.Mode=InternalMode
VREF+.Signal=VREFBUF_OUT
VREFBUF.IPParameters=VoltageScaling
VREFBUF.VoltageScaling=SYSCFG_VREFBUF_VOLTAGE_SCALE3
board=custom
